
Microsoft Visual Studio Solution File, Format Version 12.00
# Visual Studio Version 17
VisualStudioVersion = 17.3.32929.385
MinimumVisualStudioVersion = 10.0.40219.1
Project("{8BC9CEB8-8B4A-11D0-8D11-00A0C91BC942}") = "Lab4", "Lab3\Lab3.vcxproj", "{2693B3BA-A424-491E-9130-B0856CD2658F}"
EndProject
Project("{8BC9CEB8-8B4A-11D0-8D11-00A0C91BC942}") = "Lab5", "Lab4\Lab4.vcxproj", "{B62A6473-E715-4E87-BC72-D40F97BC23A8}"
EndProject
Project("{8BC9CEB8-8B4A-11D0-8D11-00A0C91BC942}") = "Lab3", "Lab2\Lab2.vcxproj", "{371C4B90-2401-4ECB-BC88-BBED32A80AD2}"
EndProject
Project("{8BC9CEB8-8B4A-11D0-8D11-00A0C91BC942}") = "Lab6DLL", "Lab6DLL\Lab6DLL.vcxproj", "{017ADC82-0193-4C20-B743-A929E85DF4D7}"
EndProject
Project("{8BC9CEB8-8B4A-11D0-8D11-00A0C91BC942}") = "Lab6A", "Lab6A\Lab6A.vcxproj", "{693AE01D-AD3F-418C-ABB1-87EDD1BEF5CD}"
	ProjectSection(ProjectDependencies) = postProject
		{017ADC82-0193-4C20-B743-A929E85DF4D7} = {017ADC82-0193-4C20-B743-A929E85DF4D7}
	EndProjectSection
EndProject
Project("{8BC9CEB8-8B4A-11D0-8D11-00A0C91BC942}") = "Lab6B", "Lab6B\Lab6B.vcxproj", "{760ED17A-AB97-4388-A3AB-9E3F1E8F97CD}"
	ProjectSection(ProjectDependencies) = postProject
		{017ADC82-0193-4C20-B743-A929E85DF4D7} = {017ADC82-0193-4C20-B743-A929E85DF4D7}
	EndProjectSection
EndProject
Project("{8BC9CEB8-8B4A-11D0-8D11-00A0C91BC942}") = "Lab7", "Lab7\Lab7.vcxproj", "{FE62E27D-995A-4AA1-A179-3426B3E4C81C}"
EndProject
Project("{8BC9CEB8-8B4A-11D0-8D11-00A0C91BC942}") = "Lab8", "Lab8\Lab8.vcxproj", "{CE00938E-E6E7-4B89-A1B4-A3EDA13D189F}"
	ProjectSection(ProjectDependencies) = postProject
		{ED7C2911-0312-49DA-AE96-EF2DC7E0F8FA} = {ED7C2911-0312-49DA-AE96-EF2DC7E0F8FA}
	EndProjectSection
EndProject
Project("{8BC9CEB8-8B4A-11D0-8D11-00A0C91BC942}") = "Lab8_Starter", "Lab8_Starter\Lab8_Starter.vcxproj", "{ED7C2911-0312-49DA-AE96-EF2DC7E0F8FA}"
EndProject
Global
	GlobalSection(SolutionConfigurationPlatforms) = preSolution
		Debug|x64 = Debug|x64
		Debug|x86 = Debug|x86
		Release|x64 = Release|x64
		Release|x86 = Release|x86
	EndGlobalSection
	GlobalSection(ProjectConfigurationPlatforms) = postSolution
		{2693B3BA-A424-491E-9130-B0856CD2658F}.Debug|x64.ActiveCfg = Debug|x64
		{2693B3BA-A424-491E-9130-B0856CD2658F}.Debug|x64.Build.0 = Debug|x64
		{2693B3BA-A424-491E-9130-B0856CD2658F}.Debug|x86.ActiveCfg = Debug|Win32
		{2693B3BA-A424-491E-9130-B0856CD2658F}.Debug|x86.Build.0 = Debug|Win32
		{2693B3BA-A424-491E-9130-B0856CD2658F}.Release|x64.ActiveCfg = Release|x64
		{2693B3BA-A424-491E-9130-B0856CD2658F}.Release|x64.Build.0 = Release|x64
		{2693B3BA-A424-491E-9130-B0856CD2658F}.Release|x86.ActiveCfg = Release|Win32
		{2693B3BA-A424-491E-9130-B0856CD2658F}.Release|x86.Build.0 = Release|Win32
		{B62A6473-E715-4E87-BC72-D40F97BC23A8}.Debug|x64.ActiveCfg = Debug|x64
		{B62A6473-E715-4E87-BC72-D40F97BC23A8}.Debug|x64.Build.0 = Debug|x64
		{B62A6473-E715-4E87-BC72-D40F97BC23A8}.Debug|x86.ActiveCfg = Debug|Win32
		{B62A6473-E715-4E87-BC72-D40F97BC23A8}.Debug|x86.Build.0 = Debug|Win32
		{B62A6473-E715-4E87-BC72-D40F97BC23A8}.Release|x64.ActiveCfg = Release|x64
		{B62A6473-E715-4E87-BC72-D40F97BC23A8}.Release|x64.Build.0 = Release|x64
		{B62A6473-E715-4E87-BC72-D40F97BC23A8}.Release|x86.ActiveCfg = Release|Win32
		{B62A6473-E715-4E87-BC72-D40F97BC23A8}.Release|x86.Build.0 = Release|Win32
		{371C4B90-2401-4ECB-BC88-BBED32A80AD2}.Debug|x64.ActiveCfg = Debug|x64
		{371C4B90-2401-4ECB-BC88-BBED32A80AD2}.Debug|x64.Build.0 = Debug|x64
		{371C4B90-2401-4ECB-BC88-BBED32A80AD2}.Debug|x86.ActiveCfg = Debug|Win32
		{371C4B90-2401-4ECB-BC88-BBED32A80AD2}.Debug|x86.Build.0 = Debug|Win32
		{371C4B90-2401-4ECB-BC88-BBED32A80AD2}.Release|x64.ActiveCfg = Release|x64
		{371C4B90-2401-4ECB-BC88-BBED32A80AD2}.Release|x64.Build.0 = Release|x64
		{371C4B90-2401-4ECB-BC88-BBED32A80AD2}.Release|x86.ActiveCfg = Release|Win32
		{371C4B90-2401-4ECB-BC88-BBED32A80AD2}.Release|x86.Build.0 = Release|Win32
		{017ADC82-0193-4C20-B743-A929E85DF4D7}.Debug|x64.ActiveCfg = Debug|x64
		{017ADC82-0193-4C20-B743-A929E85DF4D7}.Debug|x64.Build.0 = Debug|x64
		{017ADC82-0193-4C20-B743-A929E85DF4D7}.Debug|x86.ActiveCfg = Debug|Win32
		{017ADC82-0193-4C20-B743-A929E85DF4D7}.Debug|x86.Build.0 = Debug|Win32
		{017ADC82-0193-4C20-B743-A929E85DF4D7}.Release|x64.ActiveCfg = Release|x64
		{017ADC82-0193-4C20-B743-A929E85DF4D7}.Release|x64.Build.0 = Release|x64
		{017ADC82-0193-4C20-B743-A929E85DF4D7}.Release|x86.ActiveCfg = Release|Win32
		{017ADC82-0193-4C20-B743-A929E85DF4D7}.Release|x86.Build.0 = Release|Win32
		{693AE01D-AD3F-418C-ABB1-87EDD1BEF5CD}.Debug|x64.ActiveCfg = Debug|x64
		{693AE01D-AD3F-418C-ABB1-87EDD1BEF5CD}.Debug|x64.Build.0 = Debug|x64
		{693AE01D-AD3F-418C-ABB1-87EDD1BEF5CD}.Debug|x86.ActiveCfg = Debug|Win32
		{693AE01D-AD3F-418C-ABB1-87EDD1BEF5CD}.Debug|x86.Build.0 = Debug|Win32
		{693AE01D-AD3F-418C-ABB1-87EDD1BEF5CD}.Release|x64.ActiveCfg = Release|x64
		{693AE01D-AD3F-418C-ABB1-87EDD1BEF5CD}.Release|x64.Build.0 = Release|x64
		{693AE01D-AD3F-418C-ABB1-87EDD1BEF5CD}.Release|x86.ActiveCfg = Release|Win32
		{693AE01D-AD3F-418C-ABB1-87EDD1BEF5CD}.Release|x86.Build.0 = Release|Win32
		{760ED17A-AB97-4388-A3AB-9E3F1E8F97CD}.Debug|x64.ActiveCfg = Debug|x64
		{760ED17A-AB97-4388-A3AB-9E3F1E8F97CD}.Debug|x64.Build.0 = Debug|x64
		{760ED17A-AB97-4388-A3AB-9E3F1E8F97CD}.Debug|x86.ActiveCfg = Debug|Win32
		{760ED17A-AB97-4388-A3AB-9E3F1E8F97CD}.Debug|x86.Build.0 = Debug|Win32
		{760ED17A-AB97-4388-A3AB-9E3F1E8F97CD}.Release|x64.ActiveCfg = Release|x64
		{760ED17A-AB97-4388-A3AB-9E3F1E8F97CD}.Release|x64.Build.0 = Release|x64
		{760ED17A-AB97-4388-A3AB-9E3F1E8F97CD}.Release|x86.ActiveCfg = Release|Win32
		{760ED17A-AB97-4388-A3AB-9E3F1E8F97CD}.Release|x86.Build.0 = Release|Win32
		{FE62E27D-995A-4AA1-A179-3426B3E4C81C}.Debug|x64.ActiveCfg = Debug|x64
		{FE62E27D-995A-4AA1-A179-3426B3E4C81C}.Debug|x64.Build.0 = Debug|x64
		{FE62E27D-995A-4AA1-A179-3426B3E4C81C}.Debug|x86.ActiveCfg = Debug|Win32
		{FE62E27D-995A-4AA1-A179-3426B3E4C81C}.Debug|x86.Build.0 = Debug|Win32
		{FE62E27D-995A-4AA1-A179-3426B3E4C81C}.Release|x64.ActiveCfg = Release|x64
		{FE62E27D-995A-4AA1-A179-3426B3E4C81C}.Release|x64.Build.0 = Release|x64
		{FE62E27D-995A-4AA1-A179-3426B3E4C81C}.Release|x86.ActiveCfg = Release|Win32
		{FE62E27D-995A-4AA1-A179-3426B3E4C81C}.Release|x86.Build.0 = Release|Win32
		{CE00938E-E6E7-4B89-A1B4-A3EDA13D189F}.Debug|x64.ActiveCfg = Debug|x64
		{CE00938E-E6E7-4B89-A1B4-A3EDA13D189F}.Debug|x64.Build.0 = Debug|x64
		{CE00938E-E6E7-4B89-A1B4-A3EDA13D189F}.Debug|x86.ActiveCfg = Debug|Win32
		{CE00938E-E6E7-4B89-A1B4-A3EDA13D189F}.Debug|x86.Build.0 = Debug|Win32
		{CE00938E-E6E7-4B89-A1B4-A3EDA13D189F}.Release|x64.ActiveCfg = Release|x64
		{CE00938E-E6E7-4B89-A1B4-A3EDA13D189F}.Release|x64.Build.0 = Release|x64
		{CE00938E-E6E7-4B89-A1B4-A3EDA13D189F}.Release|x86.ActiveCfg = Release|Win32
		{CE00938E-E6E7-4B89-A1B4-A3EDA13D189F}.Release|x86.Build.0 = Release|Win32
		{ED7C2911-0312-49DA-AE96-EF2DC7E0F8FA}.Debug|x64.ActiveCfg = Debug|x64
		{ED7C2911-0312-49DA-AE96-EF2DC7E0F8FA}.Debug|x64.Build.0 = Debug|x64
		{ED7C2911-0312-49DA-AE96-EF2DC7E0F8FA}.Debug|x86.ActiveCfg = Debug|Win32
		{ED7C2911-0312-49DA-AE96-EF2DC7E0F8FA}.Debug|x86.Build.0 = Debug|Win32
		{ED7C2911-0312-49DA-AE96-EF2DC7E0F8FA}.Release|x64.ActiveCfg = Release|x64
		{ED7C2911-0312-49DA-AE96-EF2DC7E0F8FA}.Release|x64.Build.0 = Release|x64
		{ED7C2911-0312-49DA-AE96-EF2DC7E0F8FA}.Release|x86.ActiveCfg = Release|Win32
		{ED7C2911-0312-49DA-AE96-EF2DC7E0F8FA}.Release|x86.Build.0 = Release|Win32
	EndGlobalSection
	GlobalSection(SolutionProperties) = preSolution
		HideSolutionNode = FALSE
	EndGlobalSection
	GlobalSection(ExtensibilityGlobals) = postSolution
		SolutionGuid = {98ED92BC-B560-4AC9-B8F4-53A10D1B7999}
	EndGlobalSection
EndGlobal
